# THIS IS AN AUTOGENERATED FILE. DO NOT EDIT THIS FILE DIRECTLY.
# yarn lockfile v1


commander@^8.2.0:
  version "8.2.0"
  resolved "https://registry.yarnpkg.com/commander/-/commander-8.2.0.tgz#37fe2bde301d87d47a53adeff8b5915db1381ca8"
  integrity sha512-LLKxDvHeL91/8MIyTAD5BFMNtoIwztGPMiM/7Bl8rIPmHCZXRxmSWr91h57dpOpnQ6jIUqEWdXE/uBYMfiVZDA==

csv-parse@^4.16.3:
  version "4.16.3"
  resolved "https://registry.yarnpkg.com/csv-parse/-/csv-parse-4.16.3.tgz#7ca624d517212ebc520a36873c3478fa66efbaf7"
  integrity sha512-cO1I/zmz4w2dcKHVvpCr7JVRu8/FymG5OEpmvsZYlccYolPBLoVGKUHgNoc4ZGkFeFlWGEDmMyBM+TTqRdW/wg==

csv-stringify@^5.6.5:
  version "5.6.5"
  resolved "https://registry.yarnpkg.com/csv-stringify/-/csv-stringify-5.6.5.tgz#c6d74badda4b49a79bf4e72f91cce1e33b94de00"
  integrity sha512-PjiQ659aQ+fUTQqSrd1XEDnOr52jh30RBurfzkscaE2tPaFsDH5wOAHJiw8XAHphRknCwMUE9KRayc4K/NbO8A==
